
Microsoft Visual Studio Solution File, Format Version 12.00
# Visual Studio Version 17
VisualStudioVersion = 17.5.33627.172
MinimumVisualStudioVersion = 10.0.40219.1
Project("{FAE04EC0-301F-11D3-BF4B-00C04F79EFBC}") = "13", "13\13.csproj", "{2DD1AF64-2A4C-45F9-8E2A-4F60BFF06FD0}"
EndProject
Global
	GlobalSection(SolutionConfigurationPlatforms) = preSolution
		Debug|Any CPU = Debug|Any CPU
		Release|Any CPU = Release|Any CPU
	EndGlobalSection
	GlobalSection(ProjectConfigurationPlatforms) = postSolution
		{2DD1AF64-2A4C-45F9-8E2A-4F60BFF06FD0}.Debug|Any CPU.ActiveCfg = Debug|Any CPU
		{2DD1AF64-2A4C-45F9-8E2A-4F60BFF06FD0}.Debug|Any CPU.Build.0 = Debug|Any CPU
		{2DD1AF64-2A4C-45F9-8E2A-4F60BFF06FD0}.Release|Any CPU.ActiveCfg = Release|Any CPU
		{2DD1AF64-2A4C-45F9-8E2A-4F60BFF06FD0}.Release|Any CPU.Build.0 = Release|Any CPU
	EndGlobalSection
	GlobalSection(SolutionProperties) = preSolution
		HideSolutionNode = FALSE
	EndGlobalSection
	GlobalSection(ExtensibilityGlobals) = postSolution
		SolutionGuid = {A3DDF163-EC7A-4E40-A816-CD2D6F2BD1B6}
	EndGlobalSection
EndGlobal
