
Microsoft Visual Studio Solution File, Format Version 12.00
# Visual Studio Version 16
VisualStudioVersion = 16.0.31729.503
MinimumVisualStudioVersion = 10.0.40219.1
Project("{8BC9CEB8-8B4A-11D0-8D11-00A0C91BC942}") = "lab6", "lab6.vcxproj", "{D3293197-A49B-43E0-B8E2-CD81588F0CB1}"
EndProject
Global
	GlobalSection(SolutionConfigurationPlatforms) = preSolution
		Debug|x64 = Debug|x64
		Debug|x86 = Debug|x86
		Release|x64 = Release|x64
		Release|x86 = Release|x86
	EndGlobalSection
	GlobalSection(ProjectConfigurationPlatforms) = postSolution
		{D3293197-A49B-43E0-B8E2-CD81588F0CB1}.Debug|x64.ActiveCfg = Debug|x64
		{D3293197-A49B-43E0-B8E2-CD81588F0CB1}.Debug|x64.Build.0 = Debug|x64
		{D3293197-A49B-43E0-B8E2-CD81588F0CB1}.Debug|x86.ActiveCfg = Debug|Win32
		{D3293197-A49B-43E0-B8E2-CD81588F0CB1}.Debug|x86.Build.0 = Debug|Win32
		{D3293197-A49B-43E0-B8E2-CD81588F0CB1}.Release|x64.ActiveCfg = Release|x64
		{D3293197-A49B-43E0-B8E2-CD81588F0CB1}.Release|x64.Build.0 = Release|x64
		{D3293197-A49B-43E0-B8E2-CD81588F0CB1}.Release|x86.ActiveCfg = Release|Win32
		{D3293197-A49B-43E0-B8E2-CD81588F0CB1}.Release|x86.Build.0 = Release|Win32
	EndGlobalSection
	GlobalSection(SolutionProperties) = preSolution
		HideSolutionNode = FALSE
	EndGlobalSection
	GlobalSection(ExtensibilityGlobals) = postSolution
		SolutionGuid = {AE78C296-93A3-4A72-8179-E1CFA892C709}
	EndGlobalSection
EndGlobal
