
Microsoft Visual Studio Solution File, Format Version 12.00
# Visual Studio Version 17
VisualStudioVersion = 17.5.33627.172
MinimumVisualStudioVersion = 10.0.40219.1
Project("{FAE04EC0-301F-11D3-BF4B-00C04F79EFBC}") = "20", "20\20.csproj", "{688B02D0-2BF5-404D-BAB6-B68BB659BC5A}"
EndProject
Global
	GlobalSection(SolutionConfigurationPlatforms) = preSolution
		Debug|Any CPU = Debug|Any CPU
		Release|Any CPU = Release|Any CPU
	EndGlobalSection
	GlobalSection(ProjectConfigurationPlatforms) = postSolution
		{688B02D0-2BF5-404D-BAB6-B68BB659BC5A}.Debug|Any CPU.ActiveCfg = Debug|Any CPU
		{688B02D0-2BF5-404D-BAB6-B68BB659BC5A}.Debug|Any CPU.Build.0 = Debug|Any CPU
		{688B02D0-2BF5-404D-BAB6-B68BB659BC5A}.Release|Any CPU.ActiveCfg = Release|Any CPU
		{688B02D0-2BF5-404D-BAB6-B68BB659BC5A}.Release|Any CPU.Build.0 = Release|Any CPU
	EndGlobalSection
	GlobalSection(SolutionProperties) = preSolution
		HideSolutionNode = FALSE
	EndGlobalSection
	GlobalSection(ExtensibilityGlobals) = postSolution
		SolutionGuid = {43F8CD6B-0DDE-4065-8AEC-EA780E277F16}
	EndGlobalSection
EndGlobal
