
Microsoft Visual Studio Solution File, Format Version 12.00
# Visual Studio Version 17
VisualStudioVersion = 17.5.33627.172
MinimumVisualStudioVersion = 10.0.40219.1
Project("{FAE04EC0-301F-11D3-BF4B-00C04F79EFBC}") = "1", "1\1.csproj", "{6E60671C-180F-41E1-B87C-EC4AE32CB96D}"
EndProject
Global
	GlobalSection(SolutionConfigurationPlatforms) = preSolution
		Debug|Any CPU = Debug|Any CPU
		Release|Any CPU = Release|Any CPU
	EndGlobalSection
	GlobalSection(ProjectConfigurationPlatforms) = postSolution
		{6E60671C-180F-41E1-B87C-EC4AE32CB96D}.Debug|Any CPU.ActiveCfg = Debug|Any CPU
		{6E60671C-180F-41E1-B87C-EC4AE32CB96D}.Debug|Any CPU.Build.0 = Debug|Any CPU
		{6E60671C-180F-41E1-B87C-EC4AE32CB96D}.Release|Any CPU.ActiveCfg = Release|Any CPU
		{6E60671C-180F-41E1-B87C-EC4AE32CB96D}.Release|Any CPU.Build.0 = Release|Any CPU
	EndGlobalSection
	GlobalSection(SolutionProperties) = preSolution
		HideSolutionNode = FALSE
	EndGlobalSection
	GlobalSection(ExtensibilityGlobals) = postSolution
		SolutionGuid = {8402C568-BCDE-4FD3-BEFF-E658639A537A}
	EndGlobalSection
EndGlobal
